<?xml version="1.0" encoding="utf-8"?>
<Project ToolsVersion="4.0" xmlns="http://schemas.microsoft.com/developer/msbuild/2003">
  <ItemGroup>
    <Filter Include="Source Files">
      <UniqueIdentifier>{4FC737F1-C7A5-4376-A066-2A32D752A2FF}</UniqueIdentifier>
      <Extensions>cpp;c;cc;cxx;def;odl;idl;hpj;bat;asm;asmx</Extensions>
    </Filter>
    <Filter Include="Header Files">
      <UniqueIdentifier>{93995380-89BD-4b04-88EB-625FBE52EBFB}</UniqueIdentifier>
      <Extensions>h;hpp;hxx;hm;inl;inc;xsd</Extensions>
    </Filter>
    <Filter Include="OpenCL Files">
      <UniqueIdentifier>{D011BB44-1BF7-4113-997B-A081035B40D8}</UniqueIdentifier>
      <Extensions>cl</Extensions>
    </Filter>
    <Filter Include="Sound Files">
      <UniqueIdentifier>{3fd67b8f-d2cb-4a96-a962-d5d854946117}</UniqueIdentifier>
    </Filter>
    <Filter Include="Output Files">
      <UniqueIdentifier>{2490824c-bb06-4d52-9662-dee7840a0418}</UniqueIdentifier>
    </Filter>
  </ItemGroup>
  <ItemGroup>
    <ClCompile Include="utils.cpp">
      <Filter>Source Files</Filter>
    </ClCompile>
    <ClCompile Include="ASR_OCL.cpp">
      <Filter>Source Files</Filter>
    </ClCompile>
    <ClCompile Include="benchmark.cpp">
      <Filter>Source Files</Filter>
    </ClCompile>
    <ClCompile Include="clfft.cpp">
      <Filter>Source Files</Filter>
    </ClCompile>
    <ClCompile Include="clmemset.cpp">
      <Filter>Source Files</Filter>
    </ClCompile>
    <ClCompile Include="deltacpu.cpp">
      <Filter>Source Files</Filter>
    </ClCompile>
    <ClCompile Include="deltaopencl.cpp">
      <Filter>Source Files</Filter>
    </ClCompile>
    <ClCompile Include="mfccbase.cpp">
      <Filter>Source Files</Filter>
    </ClCompile>
    <ClCompile Include="mfcccpu.cpp">
      <Filter>Source Files</Filter>
    </ClCompile>
    <ClCompile Include="mfccopencl.cpp">
      <Filter>Source Files</Filter>
    </ClCompile>
    <ClCompile Include="normalizercpu.cpp">
      <Filter>Source Files</Filter>
    </ClCompile>
    <ClCompile Include="normalizeropencl.cpp">
      <Filter>Source Files</Filter>
    </ClCompile>
    <ClCompile Include="parambase.cpp">
      <Filter>Source Files</Filter>
    </ClCompile>
    <ClCompile Include="segmentercpu.cpp">
      <Filter>Source Files</Filter>
    </ClCompile>
    <ClCompile Include="segmenteropencl.cpp">
      <Filter>Source Files</Filter>
    </ClCompile>
    <ClCompile Include="AppleFFT\fft_execute.cpp">
      <Filter>Source Files</Filter>
    </ClCompile>
    <ClCompile Include="AppleFFT\fft_kernelstring.cpp">
      <Filter>Source Files</Filter>
    </ClCompile>
    <ClCompile Include="AppleFFT\fft_setup.cpp">
      <Filter>Source Files</Filter>
    </ClCompile>
    <ClCompile Include="debug.cpp">
      <Filter>Source Files</Filter>
    </ClCompile>
    <ClCompile Include="DCT_support\src\cmd_arg_reader.cpp">
      <Filter>Source Files</Filter>
    </ClCompile>
    <ClCompile Include="DCT_support\src\oclDCT8x8_gold.cpp">
      <Filter>Source Files</Filter>
    </ClCompile>
    <ClCompile Include="DCT_support\src\oclDCT8x8_launcher.cpp">
      <Filter>Source Files</Filter>
    </ClCompile>
    <ClCompile Include="DCT_support\src\oclUtils.cpp">
      <Filter>Source Files</Filter>
    </ClCompile>
    <ClCompile Include="DCT_support\src\shrUtils.cpp">
      <Filter>Source Files</Filter>
    </ClCompile>
  </ItemGroup>
  <ItemGroup>
    <ClInclude Include="utils.h">
      <Filter>Header Files</Filter>
    </ClInclude>
    <ClInclude Include="benchmark.h">
      <Filter>Header Files</Filter>
    </ClInclude>
    <ClInclude Include="clfft.h">
      <Filter>Header Files</Filter>
    </ClInclude>
    <ClInclude Include="clmemset.h">
      <Filter>Header Files</Filter>
    </ClInclude>
    <ClInclude Include="deltacpu.h">
      <Filter>Header Files</Filter>
    </ClInclude>
    <ClInclude Include="deltaopencl.h">
      <Filter>Header Files</Filter>
    </ClInclude>
    <ClInclude Include="mfccbase.h">
      <Filter>Header Files</Filter>
    </ClInclude>
    <ClInclude Include="mfcccpu.h">
      <Filter>Header Files</Filter>
    </ClInclude>
    <ClInclude Include="mfccopencl.h">
      <Filter>Header Files</Filter>
    </ClInclude>
    <ClInclude Include="normalizer.h">
      <Filter>Header Files</Filter>
    </ClInclude>
    <ClInclude Include="normalizercpu.h">
      <Filter>Header Files</Filter>
    </ClInclude>
    <ClInclude Include="normalizeropencl.h">
      <Filter>Header Files</Filter>
    </ClInclude>
    <ClInclude Include="openclkernelloader.h">
      <Filter>Header Files</Filter>
    </ClInclude>
    <ClInclude Include="parambase.h">
      <Filter>Header Files</Filter>
    </ClInclude>
    <ClInclude Include="resource.h">
      <Filter>Header Files</Filter>
    </ClInclude>
    <ClInclude Include="segmentercpu.h">
      <Filter>Header Files</Filter>
    </ClInclude>
    <ClInclude Include="segmenteropencl.h">
      <Filter>Header Files</Filter>
    </ClInclude>
    <ClInclude Include="AppleFFT\clFFT.h">
      <Filter>Header Files</Filter>
    </ClInclude>
    <ClInclude Include="AppleFFT\fft_base_kernels.h">
      <Filter>Header Files</Filter>
    </ClInclude>
    <ClInclude Include="AppleFFT\fft_internal.h">
      <Filter>Header Files</Filter>
    </ClInclude>
    <ClInclude Include="debug.h">
      <Filter>Header Files</Filter>
    </ClInclude>
    <ClInclude Include="DCT_support\inc\cmd_arg_reader.h">
      <Filter>Header Files</Filter>
    </ClInclude>
    <ClInclude Include="DCT_support\inc\exception.h">
      <Filter>Header Files</Filter>
    </ClInclude>
    <ClInclude Include="DCT_support\inc\CL\cl_d3d9_ext.h">
      <Filter>Header Files</Filter>
    </ClInclude>
    <ClInclude Include="DCT_support\inc\CL\cl_d3d10.h">
      <Filter>Header Files</Filter>
    </ClInclude>
    <ClInclude Include="DCT_support\inc\CL\cl_d3d10_ext.h">
      <Filter>Header Files</Filter>
    </ClInclude>
    <ClInclude Include="DCT_support\inc\CL\cl_d3d11_ext.h">
      <Filter>Header Files</Filter>
    </ClInclude>
    <ClInclude Include="DCT_support\inc\CL\cl_ext.h">
      <Filter>Header Files</Filter>
    </ClInclude>
    <ClInclude Include="DCT_support\inc\CL\cl_gl.h">
      <Filter>Header Files</Filter>
    </ClInclude>
    <ClInclude Include="DCT_support\inc\CL\cl_gl_ext.h">
      <Filter>Header Files</Filter>
    </ClInclude>
    <ClInclude Include="DCT_support\inc\CL\cl_platform.h">
      <Filter>Header Files</Filter>
    </ClInclude>
    <ClInclude Include="DCT_support\inc\oclDCT8x8_common.h">
      <Filter>Header Files</Filter>
    </ClInclude>
    <ClInclude Include="DCT_support\inc\oclUtils.h">
      <Filter>Header Files</Filter>
    </ClInclude>
    <ClInclude Include="DCT_support\inc\shrQATest.h">
      <Filter>Header Files</Filter>
    </ClInclude>
    <ClInclude Include="DCT_support\inc\shrUtils.h">
      <Filter>Header Files</Filter>
    </ClInclude>
  </ItemGroup>
  <ItemGroup>
    <Intel_OpenCL_Build_Rules Include="Template.cl">
      <Filter>OpenCL Files</Filter>
    </Intel_OpenCL_Build_Rules>
    <Intel_OpenCL_Build_Rules Include="delta.cl">
      <Filter>OpenCL Files</Filter>
    </Intel_OpenCL_Build_Rules>
    <Intel_OpenCL_Build_Rules Include="mfcc.cl">
      <Filter>OpenCL Files</Filter>
    </Intel_OpenCL_Build_Rules>
    <Intel_OpenCL_Build_Rules Include="norm.cl">
      <Filter>OpenCL Files</Filter>
    </Intel_OpenCL_Build_Rules>
    <Intel_OpenCL_Build_Rules Include="segmenter.cl">
      <Filter>OpenCL Files</Filter>
    </Intel_OpenCL_Build_Rules>
    <Intel_OpenCL_Build_Rules Include="DCT.cl">
      <Filter>OpenCL Files</Filter>
    </Intel_OpenCL_Build_Rules>
  </ItemGroup>
  <ItemGroup>
    <None Include="README.md" />
  </ItemGroup>
  <ItemGroup>
    <Media Include="soundfiles\a1.wav">
      <Filter>Sound Files</Filter>
    </Media>
    <Media Include="soundfiles\a2.wav">
      <Filter>Sound Files</Filter>
    </Media>
    <Media Include="soundfiles\a3.wav">
      <Filter>Sound Files</Filter>
    </Media>
    <Media Include="soundfiles\a4.wav">
      <Filter>Sound Files</Filter>
    </Media>
    <Media Include="soundfiles\a5.wav">
      <Filter>Sound Files</Filter>
    </Media>
    <Media Include="a0001.wav">
      <Filter>Sound Files</Filter>
    </Media>
    <Media Include="sample1.wav">
      <Filter>Sound Files</Filter>
    </Media>
    <Media Include="sample1_1.wav">
      <Filter>Sound Files</Filter>
    </Media>
  </ItemGroup>
  <ItemGroup>
    <Text Include="output_files\o1.txt">
      <Filter>Output Files</Filter>
    </Text>
    <Text Include="output_files\o2.txt">
      <Filter>Output Files</Filter>
    </Text>
    <Text Include="output_files\o3.txt">
      <Filter>Output Files</Filter>
    </Text>
    <Text Include="output_files\o4.txt">
      <Filter>Output Files</Filter>
    </Text>
    <Text Include="output_files\o5.txt">
      <Filter>Output Files</Filter>
    </Text>
    <Text Include="output_files\out.txt">
      <Filter>Output Files</Filter>
    </Text>
  </ItemGroup>
</Project>